
Microsoft Visual Studio Solution File, Format Version 12.00
# Visual Studio Version 17
VisualStudioVersion = 17.4.33110.190
MinimumVisualStudioVersion = 10.0.40219.1
Project("{FAE04EC0-301F-11D3-BF4B-00C04F79EFBC}") = "CustomAuthApi", "CustomAuthApi\CustomAuthApi.csproj", "{19E970E8-7853-4153-85CA-3938821AAEFD}"
EndProject
Global
	GlobalSection(SolutionConfigurationPlatforms) = preSolution
		Debug|Any CPU = Debug|Any CPU
		Release|Any CPU = Release|Any CPU
	EndGlobalSection
	GlobalSection(ProjectConfigurationPlatforms) = postSolution
		{19E970E8-7853-4153-85CA-3938821AAEFD}.Debug|Any CPU.ActiveCfg = Debug|Any CPU
		{19E970E8-7853-4153-85CA-3938821AAEFD}.Debug|Any CPU.Build.0 = Debug|Any CPU
		{19E970E8-7853-4153-85CA-3938821AAEFD}.Release|Any CPU.ActiveCfg = Release|Any CPU
		{19E970E8-7853-4153-85CA-3938821AAEFD}.Release|Any CPU.Build.0 = Release|Any CPU
	EndGlobalSection
	GlobalSection(SolutionProperties) = preSolution
		HideSolutionNode = FALSE
	EndGlobalSection
	GlobalSection(ExtensibilityGlobals) = postSolution
		SolutionGuid = {D614AF12-65A2-4487-89A8-CCBB7A84049F}
	EndGlobalSection
EndGlobal
