
Microsoft Visual Studio Solution File, Format Version 12.00
# Visual Studio Version 17
VisualStudioVersion = 17.4.33110.190
MinimumVisualStudioVersion = 10.0.40219.1
Project("{9A19103F-16F7-4668-BE54-9A1E7A4F7556}") = "CustomAuthApi", "CustomAuthApi\CustomAuthApi.csproj", "{19E970E8-7853-4153-85CA-3938821AAEFD}"
EndProject
Project("{9A19103F-16F7-4668-BE54-9A1E7A4F7556}") = "CustomAuthApi.Testing", "CustomAuthApi.Testing\CustomAuthApi.Testing.csproj", "{70FF3E38-829E-4AE6-902B-FBAB7588241A}"
EndProject
Project("{9A19103F-16F7-4668-BE54-9A1E7A4F7556}") = "CustomAuthApi.Data", "CustomAuthApi.Data\CustomAuthApi.Data.csproj", "{FCD7034E-D7A3-417D-B1D7-BC44AC112CA1}"
EndProject
Project("{9A19103F-16F7-4668-BE54-9A1E7A4F7556}") = "CustomAuthApi.Services", "CustomAuthApi.Services\CustomAuthApi.Services.csproj", "{0FA10C99-7018-490D-865A-43B864E13C6C}"
EndProject
Project("{9A19103F-16F7-4668-BE54-9A1E7A4F7556}") = "CustomAuthApi.Web", "CustomAuthApi.Web\CustomAuthApi.Web.csproj", "{6F448666-34C6-4DF9-9057-EF3E3D8C9317}"
EndProject
Global
	GlobalSection(SolutionConfigurationPlatforms) = preSolution
		Debug|Any CPU = Debug|Any CPU
		Release|Any CPU = Release|Any CPU
	EndGlobalSection
	GlobalSection(ProjectConfigurationPlatforms) = postSolution
		{19E970E8-7853-4153-85CA-3938821AAEFD}.Debug|Any CPU.ActiveCfg = Debug|Any CPU
		{19E970E8-7853-4153-85CA-3938821AAEFD}.Debug|Any CPU.Build.0 = Debug|Any CPU
		{19E970E8-7853-4153-85CA-3938821AAEFD}.Release|Any CPU.ActiveCfg = Release|Any CPU
		{19E970E8-7853-4153-85CA-3938821AAEFD}.Release|Any CPU.Build.0 = Release|Any CPU
		{70FF3E38-829E-4AE6-902B-FBAB7588241A}.Debug|Any CPU.ActiveCfg = Debug|Any CPU
		{70FF3E38-829E-4AE6-902B-FBAB7588241A}.Debug|Any CPU.Build.0 = Debug|Any CPU
		{70FF3E38-829E-4AE6-902B-FBAB7588241A}.Release|Any CPU.ActiveCfg = Release|Any CPU
		{70FF3E38-829E-4AE6-902B-FBAB7588241A}.Release|Any CPU.Build.0 = Release|Any CPU
		{FCD7034E-D7A3-417D-B1D7-BC44AC112CA1}.Debug|Any CPU.ActiveCfg = Debug|Any CPU
		{FCD7034E-D7A3-417D-B1D7-BC44AC112CA1}.Debug|Any CPU.Build.0 = Debug|Any CPU
		{FCD7034E-D7A3-417D-B1D7-BC44AC112CA1}.Release|Any CPU.ActiveCfg = Release|Any CPU
		{FCD7034E-D7A3-417D-B1D7-BC44AC112CA1}.Release|Any CPU.Build.0 = Release|Any CPU
		{0FA10C99-7018-490D-865A-43B864E13C6C}.Debug|Any CPU.ActiveCfg = Debug|Any CPU
		{0FA10C99-7018-490D-865A-43B864E13C6C}.Debug|Any CPU.Build.0 = Debug|Any CPU
		{0FA10C99-7018-490D-865A-43B864E13C6C}.Release|Any CPU.ActiveCfg = Release|Any CPU
		{0FA10C99-7018-490D-865A-43B864E13C6C}.Release|Any CPU.Build.0 = Release|Any CPU
		{6F448666-34C6-4DF9-9057-EF3E3D8C9317}.Debug|Any CPU.ActiveCfg = Debug|Any CPU
		{6F448666-34C6-4DF9-9057-EF3E3D8C9317}.Debug|Any CPU.Build.0 = Debug|Any CPU
		{6F448666-34C6-4DF9-9057-EF3E3D8C9317}.Release|Any CPU.ActiveCfg = Release|Any CPU
		{6F448666-34C6-4DF9-9057-EF3E3D8C9317}.Release|Any CPU.Build.0 = Release|Any CPU
	EndGlobalSection
	GlobalSection(SolutionProperties) = preSolution
		HideSolutionNode = FALSE
	EndGlobalSection
	GlobalSection(ExtensibilityGlobals) = postSolution
		SolutionGuid = {D614AF12-65A2-4487-89A8-CCBB7A84049F}
	EndGlobalSection
EndGlobal
